
Microsoft Visual Studio Solution File, Format Version 12.00
# Visual Studio Version 16
VisualStudioVersion = 16.0.31205.134
MinimumVisualStudioVersion = 10.0.40219.1
Project("{9A19103F-16F7-4668-BE54-9A1E7A4F7556}") = "Clínica Exemplo", "Clínica Exemplo.csproj", "{69DC4568-51F5-4FAA-9962-C9ECD1A59C1A}"
EndProject
Global
	GlobalSection(SolutionConfigurationPlatforms) = preSolution
		Debug|Any CPU = Debug|Any CPU
		Release|Any CPU = Release|Any CPU
	EndGlobalSection
	GlobalSection(ProjectConfigurationPlatforms) = postSolution
		{69DC4568-51F5-4FAA-9962-C9ECD1A59C1A}.Debug|Any CPU.ActiveCfg = Debug|Any CPU
		{69DC4568-51F5-4FAA-9962-C9ECD1A59C1A}.Debug|Any CPU.Build.0 = Debug|Any CPU
		{69DC4568-51F5-4FAA-9962-C9ECD1A59C1A}.Release|Any CPU.ActiveCfg = Release|Any CPU
		{69DC4568-51F5-4FAA-9962-C9ECD1A59C1A}.Release|Any CPU.Build.0 = Release|Any CPU
	EndGlobalSection
	GlobalSection(SolutionProperties) = preSolution
		HideSolutionNode = FALSE
	EndGlobalSection
	GlobalSection(ExtensibilityGlobals) = postSolution
		SolutionGuid = {35824008-C381-4002-9845-D8558F11B85D}
	EndGlobalSection
EndGlobal
